github.com/aws/aws-sdk-go-v2 v1.41.6 h1:1AX0AthnBQzMx1vbmir3Y4WsnJgiydmnJjiLu+LvXOg=
github.com/aws/aws-sdk-go-v2 v1.41.6/go.mod h1:dy0UzBIfwSeot4grGvY1AqFWN5zgziMmWGzysDnHFcQ=
github.com/aws/aws-sdk-go-v2/config v1.32.16 h1:Q0iQ7quUgJP0F/SCRTieScnaMdXr9h/2+wze1u3cNeM=
github.com/aws/aws-sdk-go-v2/config v1.32.16/go.mod h1:duCCnJEFqpt2RC6no1iK6q+8HpwOAkiUua0pY507dQc=
github.com/aws/aws-sdk-go-v2/credentials v1.19.15 h1:fyvgWTszojq8hEnMi8PPBTvZdTtEVmAVyo+NFLHBhH4=
github.com/aws/aws-sdk-go-v2/credentials v1.19.15/go.mod h1:gJiYyMOjNg8OEdRWOf3CrFQxM2a98qmrtjx1zuiQfB8=
github.com/aws/aws-sdk-go-v2/feature/ec2/imds v1.18.22 h1:IOGsJ1xVWhsi+ZO7/NW8OuZZBtMJLZbk4P5HDjJO0jQ=
github.com/aws/aws-sdk-go-v2/feature/ec2/imds v1.18.22/go.mod h1:b+hYdbU+jGKfXE8kKM6g1+h+L/Go3vMvzlxBsiuGsxg=
github.com/aws/aws-sdk-go-v2/internal/configsources v1.4.22 h1:GmLa5Kw1ESqtFpXsx5MmC84QWa/ZrLZvlJGa2y+4kcQ=
github.com/aws/aws-sdk-go-v2/internal/configsources v1.4.22/go.mod h1:6sW9iWm9DK9YRpRGga/qzrzNLgKpT2cIxb7Vo2eNOp0=
github.com/aws/aws-sdk-go-v2/internal/endpoints/v2 v2.7.22 h1:dY4kWZiSaXIzxnKlj17nHnBcXXBfac6UlsAx2qL6XrU=
github.com/aws/aws-sdk-go-v2/internal/endpoints/v2 v2.7.22/go.mod h1:KIpEUx0JuRZLO7U6cbV204cWAEco2iC3l061IxlwLtI=
github.com/aws/aws-sdk-go-v2/internal/v4a v1.4.23 h1:FPXsW9+gMuIeKmz7j6ENWcWtBGTe1kH8r9thNt5Uxx4=
github.com/aws/aws-sdk-go-v2/internal/v4a v1.4.23/go.mod h1:7J8iGMdRKk6lw2C+cMIphgAnT8uTwBwNOsGkyOCm80U=
github.com/aws/aws-sdk-go-v2/service/internal/accept-encoding v1.13.8 h1:HtOTYcbVcGABLOVuPYaIihj6IlkqubBwFj10K5fxRek=
github.com/aws/aws-sdk-go-v2/service/internal/accept-encoding v1.13.8/go.mod h1:VsK9abqQeGlzPgUr+isNWzPlK2vKe9INMLWnY65f5Xs=
github.com/aws/aws-sdk-go-v2/service/internal/presigned-url v1.13.22 h1:PUmZeJU6Y1Lbvt9WFuJ0ugUK2xn6hIWUBBbKuOWF30s=
github.com/aws/aws-sdk-go-v2/service/internal/presigned-url v1.13.22/go.mod h1:nO6egFBoAaoXze24a2C0NjQCvdpk8OueRoYimvEB9jo=
github.com/aws/aws-sdk-go-v2/service/kms v1.50.5 h1:nEzwx/ZlpUZ2Y6WztsgYmfBh5Ixd3QiECawXMzvTMeo=
github.com/aws/aws-sdk-go-v2/service/kms v1.50.5/go.mod h1:GBO/aaEi47QldDVoqw2CsM2UZQDoqDiFIMJD/ztHPs0=
github.com/aws/aws-sdk-go-v2/service/signin v1.0.10 h1:a1Fq/KXn75wSzoJaPQTgZO0wHGqE9mjFnylnqEPTchA=
github.com/aws/aws-sdk-go-v2/service/signin v1.0.10/go.mod h1:p6+MXNxW7IA6dMgHfTAzljuwSKD0NCm/4lbS4t6+7vI=
github.com/aws/aws-sdk-go-v2/service/ssm v1.68.5 h1:TY5Vh7uXQgJVuc6ahI6toLcRajG1aYSDCP3a0xsPvmo=
github.com/aws/aws-sdk-go-v2/service/ssm v1.68.5/go.mod h1:UkzShnbxHRIIL2cHi/7fBGLUAZIVTEADQjaA53bWWCE=
github.com/aws/aws-sdk-go-v2/service/sso v1.30.16 h1:x6bKbmDhsgSZwv6q19wY/u3rLk/3FGjJWyqKcIRufpE=
github.com/aws/aws-sdk-go-v2/service/sso v1.30.16/go.mod h1:CudnEVKRtLn0+3uMV0yEXZ+YZOKnAtUJ5DmDhilVnIw=
github.com/aws/aws-sdk-go-v2/service/ssooidc v1.35.20 h1:oK/njaL8GtyEihkWMD4k3VgHCT64RQKkZwh0DG5j8ak=
github.com/aws/aws-sdk-go-v2/service/ssooidc v1.35.20/go.mod h1:JHs8/y1f3zY7U5WcuzoJ/yAYGYtNIVPKLIbp61euvmg=
github.com/aws/aws-sdk-go-v2/service/sts v1.42.0 h1:ks8KBcZPh3PYISr5dAiXCM5/Thcuxk8l+PG4+A0exds=
github.com/aws/aws-sdk-go-v2/service/sts v1.42.0/go.mod h1:pFw33T0WLvXU3rw1WBkpMlkgIn54eCB5FYLhjDc9Foo=
github.com/aws/smithy-go v1.25.0 h1:Sz/XJ64rwuiKtB6j98nDIPyYrV1nVNJ4YU74gttcl5U=
github.com/aws/smithy-go v1.25.0/go.mod h1:YE2RhdIuDbA5E5bTdciG9KrW3+TiEONeUWCqxX9i1Fc=
github.com/goccy/go-yaml v1.19.2 h1:PmFC1S6h8ljIz6gMRBopkjP1TVT7xuwrButHID66PoM=
github.com/goccy/go-yaml v1.19.2/go.mod h1:XBurs7gK8ATbW4ZPGKgcbrY1Br56PdM69F7LkFRi1kA=
github.com/google/go-cmp v0.7.0 h1:wk8382ETsv4JYUZwIsn6YpYiWiBsYLSJiTsyBybVuN8=
github.com/google/go-cmp v0.7.0/go.mod h1:pXiqmnSA92OHEEa9HXL2W4E7lf9JzCmGVUdgjX3N/iU=
github.com/shogo82148/aws-xray-yasdk-go v1.8.1 h1:KBvw3Z7++rA2kr+5fuY1WwHuVYWJ1IhR7QgycHCA/lY=
github.com/shogo82148/aws-xray-yasdk-go v1.8.1/go.mod h1:MLCsBR5uDDGekrJKvAIvTUjWuW9PkfZdBOVNbYPD2I4=
github.com/shogo82148/forwarded-header v0.1.0 h1:OZX131i0B8GGZR+s5QEZdSEYDTUPkUX8ISIIQE+swKM=
github.com/shogo82148/forwarded-header v0.1.0/go.mod h1:Ge73zEgn9jrdyf65vWTgDmRZQFQPHoFU0TaILJcvs54=
github.com/shogo82148/go-http-logger v1.3.0 h1:4mTca6oyIXZrBXVrwzCdu3oWzI8r8aaBbM7sTsZituk=
github.com/shogo82148/go-http-logger v1.3.0/go.mod h1:kT0vCPqUkYd9WVdLvZIQ0nIl/atEdfuyJCIpsBLOqz8=
github.com/shogo82148/goat v0.1.1 h1:qglrzg8eDbf6LWsah9Z/DPFMbO8hsG/p+5aW9f2R5Dk=
github.com/shogo82148/goat v0.1.1/go.mod h1:w0PlFMz5T5p4dFoO1uQIJ5dzzJmxaJFXgbKHdHUQAmE=
github.com/shogo82148/memoize v0.1.0 h1:MGLpdCv+5xDZyqo6wJLuI+Fk038vlidjjg8GMMVqLUo=
github.com/shogo82148/memoize v0.1.0/go.mod h1:sOsvhOlJGVR2nHgCzUchvbEeYB6jNvSP9o4SPHgb+bY=
github.com/shogo82148/pointer v1.4.0 h1:mEpe+gtEWGP4cX8o5YJdmKAbSsYBCqfMQ70RarPJKGE=
github.com/shogo82148/pointer v1.4.0/go.mod h1:agZ5JFpavFPXznbWonIvbG78NDfvDTFppe+7o53up5w=
github.com/shogo82148/ridgenative v1.5.0 h1:93zkFRr/JG1LNvqu2c3BsZhR2yv1hVaI/bFJZD2bVZo=
github.com/shogo82148/ridgenative v1.5.0/go.mod h1:PInWLpQIV0RsZI3j81ZH87hQ2knhDiMGbeDuTli3QIE=
golang.org/x/crypto v0.50.0 h1:zO47/JPrL6vsNkINmLoo/PH1gcxpls50DNogFvB5ZGI=
golang.org/x/crypto v0.50.0/go.mod h1:3muZ7vA7PBCE6xgPX7nkzzjiUq87kRItoJQM1Yo8S+Q=
golang.org/x/sync v0.20.0 h1:e0PTpb7pjO8GAtTs2dQ6jYa5BWYlMuX047Dco/pItO4=
golang.org/x/sync v0.20.0/go.mod h1:9xrNwdLfx4jkKbNva9FpL6vEN7evnE43NNNJQ2LF3+0=
golang.org/x/sys v0.43.0 h1:Rlag2XtaFTxp19wS8MXlJwTvoh8ArU6ezoyFsMyCTNI=
golang.org/x/sys v0.43.0/go.mod h1:4GL1E5IUh+htKOUEOaiffhrAeqysfVGipDYzABqnCmw=
